
Microsoft Visual Studio Solution File, Format Version 12.00
# Visual Studio Version 16
VisualStudioVersion = 16.0.31729.503
MinimumVisualStudioVersion = 10.0.40219.1
Project("{8BC9CEB8-8B4A-11D0-8D11-00A0C91BC942}") = "Engine", "Engine\Engine.vcxproj", "{7885163E-E011-4818-B9DB-A9291FFAC576}"
EndProject
Project("{8BC9CEB8-8B4A-11D0-8D11-00A0C91BC942}") = "Sandbox", "Sandbox\Sandbox.vcxproj", "{FB6F48FA-4EBE-45BB-B918-327DE7F70E38}"
EndProject
Global
	GlobalSection(SolutionConfigurationPlatforms) = preSolution
		Debug|x64 = Debug|x64
		Release|x64 = Release|x64
	EndGlobalSection
	GlobalSection(ProjectConfigurationPlatforms) = postSolution
		{7885163E-E011-4818-B9DB-A9291FFAC576}.Debug|x64.ActiveCfg = Debug|x64
		{7885163E-E011-4818-B9DB-A9291FFAC576}.Debug|x64.Build.0 = Debug|x64
		{7885163E-E011-4818-B9DB-A9291FFAC576}.Release|x64.ActiveCfg = Release|x64
		{7885163E-E011-4818-B9DB-A9291FFAC576}.Release|x64.Build.0 = Release|x64
		{FB6F48FA-4EBE-45BB-B918-327DE7F70E38}.Debug|x64.ActiveCfg = Debug|x64
		{FB6F48FA-4EBE-45BB-B918-327DE7F70E38}.Debug|x64.Build.0 = Debug|x64
		{FB6F48FA-4EBE-45BB-B918-327DE7F70E38}.Release|x64.ActiveCfg = Release|x64
		{FB6F48FA-4EBE-45BB-B918-327DE7F70E38}.Release|x64.Build.0 = Release|x64
	EndGlobalSection
	GlobalSection(SolutionProperties) = preSolution
		HideSolutionNode = FALSE
	EndGlobalSection
	GlobalSection(ExtensibilityGlobals) = postSolution
		SolutionGuid = {22AB5615-630B-46FF-951B-419B740E36D3}
	EndGlobalSection
EndGlobal
